// !$*UTF8*$!
{
	archiveVersion = 1;
	classes = {
	};
	objectVersion = 77;
	objects = {

/* Begin PBXBuildFile section */
		DF2E0FB62E3CC1A000407AE1 /* Assets.xcassets in Resources */ = {isa = PBXBuildFile; fileRef = DF2E0FB22E3CC19F00407AE1 /* Assets.xcassets */; };
		DF2E0FB82E3CC1A000407AE1 /* TCADataSharingApp.swift in Sources */ = {isa = PBXBuildFile; fileRef = DF2E0FB42E3CC19F00407AE1 /* TCADataSharingApp.swift */; };
		DF2E0FC12E3CC1C000407AE1 /* Note.swift in Sources */ = {isa = PBXBuildFile; fileRef = DF2E0FBC2E3CC1C000407AE1 /* Note.swift */; };
		DF2E0FC32E3CC1C000407AE1 /* APIClientKey.swift in Sources */ = {isa = PBXBuildFile; fileRef = DF2E0FBE2E3CC1C000407AE1 /* APIClientKey.swift */; };
		DF2E0FC42E3CC1C000407AE1 /* Confirmation.swift in Sources */ = {isa = PBXBuildFile; fileRef = DF2E0FB92E3CC1C000407AE1 /* Confirmation.swift */; };
		DF2E0FC52E3CC1C000407AE1 /* Introduce.swift in Sources */ = {isa = PBXBuildFile; fileRef = DF2E0FBA2E3CC1C000407AE1 /* Introduce.swift */; };
		DF2E0FC82E3CC22800407AE1 /* Sharing in Frameworks */ = {isa = PBXBuildFile; productRef = DF2E0FC72E3CC22800407AE1 /* Sharing */; };
		DF2E0FCB2E3CC28C00407AE1 /* ComposableArchitecture in Frameworks */ = {isa = PBXBuildFile; productRef = DF2E0FCA2E3CC28C00407AE1 /* ComposableArchitecture */; };
		DF2E0FCF2E3CD0BB00407AE1 /* SharingGRDB in Frameworks */ = {isa = PBXBuildFile; productRef = DF2E0FCE2E3CD0BB00407AE1 /* SharingGRDB */; };
		DF2E10452E3CD7F900407AE1 /* SharingGRDBCore in Frameworks */ = {isa = PBXBuildFile; productRef = DF2E10442E3CD7F900407AE1 /* SharingGRDBCore */; };
		DF2E10472E3CD7F900407AE1 /* StructuredQueriesGRDB in Frameworks */ = {isa = PBXBuildFile; productRef = DF2E10462E3CD7F900407AE1 /* StructuredQueriesGRDB */; };
		DF2E10492E3CD7F900407AE1 /* StructuredQueriesGRDBCore in Frameworks */ = {isa = PBXBuildFile; productRef = DF2E10482E3CD7F900407AE1 /* StructuredQueriesGRDBCore */; };
		DF2E104B2E3DC8C300407AE1 /* SwiftDataKey.swift in Sources */ = {isa = PBXBuildFile; fileRef = DF2E104A2E3DC8C300407AE1 /* SwiftDataKey.swift */; };
		DF2E104D2E3DDC4400407AE1 /* Item.swift in Sources */ = {isa = PBXBuildFile; fileRef = DF2E104C2E3DDC4400407AE1 /* Item.swift */; };
/* End PBXBuildFile section */

/* Begin PBXFileReference section */
		DF2E0FA42E3CC18F00407AE1 /* TCADataSharing.app */ = {isa = PBXFileReference; explicitFileType = wrapper.application; includeInIndex = 0; path = TCADataSharing.app; sourceTree = BUILT_PRODUCTS_DIR; };
		DF2E0FB22E3CC19F00407AE1 /* Assets.xcassets */ = {isa = PBXFileReference; lastKnownFileType = folder.assetcatalog; path = Assets.xcassets; sourceTree = "<group>"; };
		DF2E0FB42E3CC19F00407AE1 /* TCADataSharingApp.swift */ = {isa = PBXFileReference; lastKnownFileType = sourcecode.swift; path = TCADataSharingApp.swift; sourceTree = "<group>"; };
		DF2E0FB92E3CC1C000407AE1 /* Confirmation.swift */ = {isa = PBXFileReference; lastKnownFileType = sourcecode.swift; path = Confirmation.swift; sourceTree = "<group>"; };
		DF2E0FBA2E3CC1C000407AE1 /* Introduce.swift */ = {isa = PBXFileReference; lastKnownFileType = sourcecode.swift; path = Introduce.swift; sourceTree = "<group>"; };
		DF2E0FBC2E3CC1C000407AE1 /* Note.swift */ = {isa = PBXFileReference; lastKnownFileType = sourcecode.swift; path = Note.swift; sourceTree = "<group>"; };
		DF2E0FBE2E3CC1C000407AE1 /* APIClientKey.swift */ = {isa = PBXFileReference; lastKnownFileType = sourcecode.swift; path = APIClientKey.swift; sourceTree = "<group>"; };
		DF2E0FCC2E3CC38A00407AE1 /* TCADataSharing-Info.plist */ = {isa = PBXFileReference; lastKnownFileType = text.plist; path = "TCADataSharing-Info.plist"; sourceTree = "<group>"; };
		DF2E104A2E3DC8C300407AE1 /* SwiftDataKey.swift */ = {isa = PBXFileReference; lastKnownFileType = sourcecode.swift; path = SwiftDataKey.swift; sourceTree = "<group>"; };
		DF2E104C2E3DDC4400407AE1 /* Item.swift */ = {isa = PBXFileReference; lastKnownFileType = sourcecode.swift; path = Item.swift; sourceTree = "<group>"; };
/* End PBXFileReference section */

/* Begin PBXFrameworksBuildPhase section */
		DF2E0FA12E3CC18F00407AE1 /* Frameworks */ = {
			isa = PBXFrameworksBuildPhase;
			buildActionMask = 2147483647;
			files = (
				DF2E10492E3CD7F900407AE1 /* StructuredQueriesGRDBCore in Frameworks */,
				DF2E10472E3CD7F900407AE1 /* StructuredQueriesGRDB in Frameworks */,
				DF2E0FCB2E3CC28C00407AE1 /* ComposableArchitecture in Frameworks */,
				DF2E0FCF2E3CD0BB00407AE1 /* SharingGRDB in Frameworks */,
				DF2E0FC82E3CC22800407AE1 /* Sharing in Frameworks */,
				DF2E10452E3CD7F900407AE1 /* SharingGRDBCore in Frameworks */,
			);
			runOnlyForDeploymentPostprocessing = 0;
		};
/* End PBXFrameworksBuildPhase section */

/* Begin PBXGroup section */
		DF2E0F9B2E3CC18F00407AE1 = {
			isa = PBXGroup;
			children = (
				DF2E0FCC2E3CC38A00407AE1 /* TCADataSharing-Info.plist */,
				DF2E0FB52E3CC19F00407AE1 /* App */,
				DF2E0FBB2E3CC1C000407AE1 /* Features */,
				DF2E0FBD2E3CC1C000407AE1 /* Models */,
				DF2E0FC02E3CC1C000407AE1 /* SharingKey */,
				DF2E10432E3CD7F900407AE1 /* Frameworks */,
				DF2E0FA52E3CC18F00407AE1 /* Products */,
			);
			sourceTree = "<group>";
		};
		DF2E0FA52E3CC18F00407AE1 /* Products */ = {
			isa = PBXGroup;
			children = (
				DF2E0FA42E3CC18F00407AE1 /* TCADataSharing.app */,
			);
			name = Products;
			sourceTree = "<group>";
		};
		DF2E0FB52E3CC19F00407AE1 /* App */ = {
			isa = PBXGroup;
			children = (
				DF2E0FB22E3CC19F00407AE1 /* Assets.xcassets */,
				DF2E0FB42E3CC19F00407AE1 /* TCADataSharingApp.swift */,
			);
			path = App;
			sourceTree = "<group>";
		};
		DF2E0FBB2E3CC1C000407AE1 /* Features */ = {
			isa = PBXGroup;
			children = (
				DF2E0FB92E3CC1C000407AE1 /* Confirmation.swift */,
				DF2E0FBA2E3CC1C000407AE1 /* Introduce.swift */,
			);
			path = Features;
			sourceTree = "<group>";
		};
		DF2E0FBD2E3CC1C000407AE1 /* Models */ = {
			isa = PBXGroup;
			children = (
				DF2E0FBC2E3CC1C000407AE1 /* Note.swift */,
				DF2E104C2E3DDC4400407AE1 /* Item.swift */,
			);
			path = Models;
			sourceTree = "<group>";
		};
		DF2E0FC02E3CC1C000407AE1 /* SharingKey */ = {
			isa = PBXGroup;
			children = (
				DF2E0FBE2E3CC1C000407AE1 /* APIClientKey.swift */,
				DF2E104A2E3DC8C300407AE1 /* SwiftDataKey.swift */,
			);
			path = SharingKey;
			sourceTree = "<group>";
		};
		DF2E10432E3CD7F900407AE1 /* Frameworks */ = {
			isa = PBXGroup;
			children = (
			);
			name = Frameworks;
			sourceTree = "<group>";
		};
/* End PBXGroup section */

/* Begin PBXNativeTarget section */
		DF2E0FA32E3CC18F00407AE1 /* TCADataSharing */ = {
			isa = PBXNativeTarget;
			buildConfigurationList = DF2E0FAF2E3CC19200407AE1 /* Build configuration list for PBXNativeTarget "TCADataSharing" */;
			buildPhases = (
				DF2E0FA02E3CC18F00407AE1 /* Sources */,
				DF2E0FA12E3CC18F00407AE1 /* Frameworks */,
				DF2E0FA22E3CC18F00407AE1 /* Resources */,
			);
			buildRules = (
			);
			dependencies = (
			);
			name = TCADataSharing;
			packageProductDependencies = (
				DF2E0FC72E3CC22800407AE1 /* Sharing */,
				DF2E0FCA2E3CC28C00407AE1 /* ComposableArchitecture */,
				DF2E0FCE2E3CD0BB00407AE1 /* SharingGRDB */,
				DF2E10442E3CD7F900407AE1 /* SharingGRDBCore */,
				DF2E10462E3CD7F900407AE1 /* StructuredQueriesGRDB */,
				DF2E10482E3CD7F900407AE1 /* StructuredQueriesGRDBCore */,
			);
			productName = TCADataSharing;
			productReference = DF2E0FA42E3CC18F00407AE1 /* TCADataSharing.app */;
			productType = "com.apple.product-type.application";
		};
/* End PBXNativeTarget section */

/* Begin PBXProject section */
		DF2E0F9C2E3CC18F00407AE1 /* Project object */ = {
			isa = PBXProject;
			attributes = {
				BuildIndependentTargetsInParallel = 1;
				LastSwiftUpdateCheck = 1630;
				LastUpgradeCheck = 1630;
				TargetAttributes = {
					DF2E0FA32E3CC18F00407AE1 = {
						CreatedOnToolsVersion = 16.3;
					};
				};
			};
			buildConfigurationList = DF2E0F9F2E3CC18F00407AE1 /* Build configuration list for PBXProject "TCADataSharing" */;
			developmentRegion = en;
			hasScannedForEncodings = 0;
			knownRegions = (
				en,
				Base,
			);
			mainGroup = DF2E0F9B2E3CC18F00407AE1;
			minimizedProjectReferenceProxies = 1;
			packageReferences = (
				DF2E0FC62E3CC22800407AE1 /* XCRemoteSwiftPackageReference "swift-sharing" */,
				DF2E0FC92E3CC28C00407AE1 /* XCRemoteSwiftPackageReference "swift-composable-architecture" */,
				DF2E0FCD2E3CD0BB00407AE1 /* XCRemoteSwiftPackageReference "sharing-grdb" */,
			);
			preferredProjectObjectVersion = 77;
			productRefGroup = DF2E0FA52E3CC18F00407AE1 /* Products */;
			projectDirPath = "";
			projectRoot = "";
			targets = (
				DF2E0FA32E3CC18F00407AE1 /* TCADataSharing */,
			);
		};
/* End PBXProject section */

/* Begin PBXResourcesBuildPhase section */
		DF2E0FA22E3CC18F00407AE1 /* Resources */ = {
			isa = PBXResourcesBuildPhase;
			buildActionMask = 2147483647;
			files = (
				DF2E0FB62E3CC1A000407AE1 /* Assets.xcassets in Resources */,
			);
			runOnlyForDeploymentPostprocessing = 0;
		};
/* End PBXResourcesBuildPhase section */

/* Begin PBXSourcesBuildPhase section */
		DF2E0FA02E3CC18F00407AE1 /* Sources */ = {
			isa = PBXSourcesBuildPhase;
			buildActionMask = 2147483647;
			files = (
				DF2E0FC12E3CC1C000407AE1 /* Note.swift in Sources */,
				DF2E0FC32E3CC1C000407AE1 /* APIClientKey.swift in Sources */,
				DF2E0FC42E3CC1C000407AE1 /* Confirmation.swift in Sources */,
				DF2E104B2E3DC8C300407AE1 /* SwiftDataKey.swift in Sources */,
				DF2E104D2E3DDC4400407AE1 /* Item.swift in Sources */,
				DF2E0FC52E3CC1C000407AE1 /* Introduce.swift in Sources */,
				DF2E0FB82E3CC1A000407AE1 /* TCADataSharingApp.swift in Sources */,
			);
			runOnlyForDeploymentPostprocessing = 0;
		};
/* End PBXSourcesBuildPhase section */

/* Begin XCBuildConfiguration section */
		DF2E0FAD2E3CC19200407AE1 /* Debug */ = {
			isa = XCBuildConfiguration;
			buildSettings = {
				ALWAYS_SEARCH_USER_PATHS = NO;
				ASSETCATALOG_COMPILER_GENERATE_SWIFT_ASSET_SYMBOL_EXTENSIONS = YES;
				CLANG_ANALYZER_NONNULL = YES;
				CLANG_ANALYZER_NUMBER_OBJECT_CONVERSION = YES_AGGRESSIVE;
				CLANG_CXX_LANGUAGE_STANDARD = "gnu++20";
				CLANG_ENABLE_MODULES = YES;
				CLANG_ENABLE_OBJC_ARC = YES;
				CLANG_ENABLE_OBJC_WEAK = YES;
				CLANG_WARN_BLOCK_CAPTURE_AUTORELEASING = YES;
				CLANG_WARN_BOOL_CONVERSION = YES;
				CLANG_WARN_COMMA = YES;
				CLANG_WARN_CONSTANT_CONVERSION = YES;
				CLANG_WARN_DEPRECATED_OBJC_IMPLEMENTATIONS = YES;
				CLANG_WARN_DIRECT_OBJC_ISA_USAGE = YES_ERROR;
				CLANG_WARN_DOCUMENTATION_COMMENTS = YES;
				CLANG_WARN_EMPTY_BODY = YES;
				CLANG_WARN_ENUM_CONVERSION = YES;
				CLANG_WARN_INFINITE_RECURSION = YES;
				CLANG_WARN_INT_CONVERSION = YES;
				CLANG_WARN_NON_LITERAL_NULL_CONVERSION = YES;
				CLANG_WARN_OBJC_IMPLICIT_RETAIN_SELF = YES;
				CLANG_WARN_OBJC_LITERAL_CONVERSION = YES;
				CLANG_WARN_OBJC_ROOT_CLASS = YES_ERROR;
				CLANG_WARN_QUOTED_INCLUDE_IN_FRAMEWORK_HEADER = YES;
				CLANG_WARN_RANGE_LOOP_ANALYSIS = YES;
				CLANG_WARN_STRICT_PROTOTYPES = YES;
				CLANG_WARN_SUSPICIOUS_MOVE = YES;
				CLANG_WARN_UNGUARDED_AVAILABILITY = YES_AGGRESSIVE;
				CLANG_WARN_UNREACHABLE_CODE = YES;
				CLANG_WARN__DUPLICATE_METHOD_MATCH = YES;
				COPY_PHASE_STRIP = NO;
				DEBUG_INFORMATION_FORMAT = dwarf;
				DEVELOPMENT_TEAM = AF2T6TGAP8;
				ENABLE_STRICT_OBJC_MSGSEND = YES;
				ENABLE_TESTABILITY = YES;
				ENABLE_USER_SCRIPT_SANDBOXING = YES;
				GCC_C_LANGUAGE_STANDARD = gnu17;
				GCC_DYNAMIC_NO_PIC = NO;
				GCC_NO_COMMON_BLOCKS = YES;
				GCC_OPTIMIZATION_LEVEL = 0;
				GCC_PREPROCESSOR_DEFINITIONS = (
					"DEBUG=1",
					"$(inherited)",
				);
				GCC_WARN_64_TO_32_BIT_CONVERSION = YES;
				GCC_WARN_ABOUT_RETURN_TYPE = YES_ERROR;
				GCC_WARN_UNDECLARED_SELECTOR = YES;
				GCC_WARN_UNINITIALIZED_AUTOS = YES_AGGRESSIVE;
				GCC_WARN_UNUSED_FUNCTION = YES;
				GCC_WARN_UNUSED_VARIABLE = YES;
				IPHONEOS_DEPLOYMENT_TARGET = 18.4;
				LOCALIZATION_PREFERS_STRING_CATALOGS = YES;
				MTL_ENABLE_DEBUG_INFO = INCLUDE_SOURCE;
				MTL_FAST_MATH = YES;
				ONLY_ACTIVE_ARCH = YES;
				SDKROOT = iphoneos;
				SWIFT_ACTIVE_COMPILATION_CONDITIONS = "DEBUG $(inherited)";
				SWIFT_OPTIMIZATION_LEVEL = "-Onone";
			};
			name = Debug;
		};
		DF2E0FAE2E3CC19200407AE1 /* Release */ = {
			isa = XCBuildConfiguration;
			buildSettings = {
				ALWAYS_SEARCH_USER_PATHS = NO;
				ASSETCATALOG_COMPILER_GENERATE_SWIFT_ASSET_SYMBOL_EXTENSIONS = YES;
				CLANG_ANALYZER_NONNULL = YES;
				CLANG_ANALYZER_NUMBER_OBJECT_CONVERSION = YES_AGGRESSIVE;
				CLANG_CXX_LANGUAGE_STANDARD = "gnu++20";
				CLANG_ENABLE_MODULES = YES;
				CLANG_ENABLE_OBJC_ARC = YES;
				CLANG_ENABLE_OBJC_WEAK = YES;
				CLANG_WARN_BLOCK_CAPTURE_AUTORELEASING = YES;
				CLANG_WARN_BOOL_CONVERSION = YES;
				CLANG_WARN_COMMA = YES;
				CLANG_WARN_CONSTANT_CONVERSION = YES;
				CLANG_WARN_DEPRECATED_OBJC_IMPLEMENTATIONS = YES;
				CLANG_WARN_DIRECT_OBJC_ISA_USAGE = YES_ERROR;
				CLANG_WARN_DOCUMENTATION_COMMENTS = YES;
				CLANG_WARN_EMPTY_BODY = YES;
				CLANG_WARN_ENUM_CONVERSION = YES;
				CLANG_WARN_INFINITE_RECURSION = YES;
				CLANG_WARN_INT_CONVERSION = YES;
				CLANG_WARN_NON_LITERAL_NULL_CONVERSION = YES;
				CLANG_WARN_OBJC_IMPLICIT_RETAIN_SELF = YES;
				CLANG_WARN_OBJC_LITERAL_CONVERSION = YES;
				CLANG_WARN_OBJC_ROOT_CLASS = YES_ERROR;
				CLANG_WARN_QUOTED_INCLUDE_IN_FRAMEWORK_HEADER = YES;
				CLANG_WARN_RANGE_LOOP_ANALYSIS = YES;
				CLANG_WARN_STRICT_PROTOTYPES = YES;
				CLANG_WARN_SUSPICIOUS_MOVE = YES;
				CLANG_WARN_UNGUARDED_AVAILABILITY = YES_AGGRESSIVE;
				CLANG_WARN_UNREACHABLE_CODE = YES;
				CLANG_WARN__DUPLICATE_METHOD_MATCH = YES;
				COPY_PHASE_STRIP = NO;
				DEBUG_INFORMATION_FORMAT = "dwarf-with-dsym";
				DEVELOPMENT_TEAM = AF2T6TGAP8;
				ENABLE_NS_ASSERTIONS = NO;
				ENABLE_STRICT_OBJC_MSGSEND = YES;
				ENABLE_USER_SCRIPT_SANDBOXING = YES;
				GCC_C_LANGUAGE_STANDARD = gnu17;
				GCC_NO_COMMON_BLOCKS = YES;
				GCC_WARN_64_TO_32_BIT_CONVERSION = YES;
				GCC_WARN_ABOUT_RETURN_TYPE = YES_ERROR;
				GCC_WARN_UNDECLARED_SELECTOR = YES;
				GCC_WARN_UNINITIALIZED_AUTOS = YES_AGGRESSIVE;
				GCC_WARN_UNUSED_FUNCTION = YES;
				GCC_WARN_UNUSED_VARIABLE = YES;
				IPHONEOS_DEPLOYMENT_TARGET = 18.4;
				LOCALIZATION_PREFERS_STRING_CATALOGS = YES;
				MTL_ENABLE_DEBUG_INFO = NO;
				MTL_FAST_MATH = YES;
				SDKROOT = iphoneos;
				SWIFT_COMPILATION_MODE = wholemodule;
				VALIDATE_PRODUCT = YES;
			};
			name = Release;
		};
		DF2E0FB02E3CC19200407AE1 /* Debug */ = {
			isa = XCBuildConfiguration;
			buildSettings = {
				ASSETCATALOG_COMPILER_APPICON_NAME = AppIcon;
				ASSETCATALOG_COMPILER_GLOBAL_ACCENT_COLOR_NAME = AccentColor;
				CODE_SIGN_IDENTITY = "Apple Development";
				CODE_SIGN_STYLE = Manual;
				CURRENT_PROJECT_VERSION = 1;
				DEVELOPMENT_TEAM = "";
				ENABLE_PREVIEWS = YES;
				GENERATE_INFOPLIST_FILE = YES;
				INFOPLIST_FILE = "TCADataSharing-Info.plist";
				INFOPLIST_KEY_UIApplicationSceneManifest_Generation = YES;
				INFOPLIST_KEY_UIApplicationSupportsIndirectInputEvents = YES;
				INFOPLIST_KEY_UILaunchScreen_Generation = YES;
				INFOPLIST_KEY_UISupportedInterfaceOrientations_iPad = "UIInterfaceOrientationPortrait UIInterfaceOrientationPortraitUpsideDown UIInterfaceOrientationLandscapeLeft UIInterfaceOrientationLandscapeRight";
				INFOPLIST_KEY_UISupportedInterfaceOrientations_iPhone = "UIInterfaceOrientationPortrait UIInterfaceOrientationLandscapeLeft UIInterfaceOrientationLandscapeRight";
				LD_RUNPATH_SEARCH_PATHS = (
					"$(inherited)",
					"@executable_path/Frameworks",
				);
				MARKETING_VERSION = 1.0;
				PRODUCT_BUNDLE_IDENTIFIER = "com.rr-aware.TCADataSharing";
				PRODUCT_NAME = "$(TARGET_NAME)";
				PROVISIONING_PROFILE_SPECIFIER = "";
				SWIFT_EMIT_LOC_STRINGS = YES;
				SWIFT_VERSION = 5.0;
				TARGETED_DEVICE_FAMILY = "1,2";
			};
			name = Debug;
		};
		DF2E0FB12E3CC19200407AE1 /* Release */ = {
			isa = XCBuildConfiguration;
			buildSettings = {
				ASSETCATALOG_COMPILER_APPICON_NAME = AppIcon;
				ASSETCATALOG_COMPILER_GLOBAL_ACCENT_COLOR_NAME = AccentColor;
				CODE_SIGN_IDENTITY = "Apple Development";
				CODE_SIGN_STYLE = Manual;
				CURRENT_PROJECT_VERSION = 1;
				DEVELOPMENT_TEAM = "";
				ENABLE_PREVIEWS = YES;
				GENERATE_INFOPLIST_FILE = YES;
				INFOPLIST_FILE = "TCADataSharing-Info.plist";
				INFOPLIST_KEY_UIApplicationSceneManifest_Generation = YES;
				INFOPLIST_KEY_UIApplicationSupportsIndirectInputEvents = YES;
				INFOPLIST_KEY_UILaunchScreen_Generation = YES;
				INFOPLIST_KEY_UISupportedInterfaceOrientations_iPad = "UIInterfaceOrientationPortrait UIInterfaceOrientationPortraitUpsideDown UIInterfaceOrientationLandscapeLeft UIInterfaceOrientationLandscapeRight";
				INFOPLIST_KEY_UISupportedInterfaceOrientations_iPhone = "UIInterfaceOrientationPortrait UIInterfaceOrientationLandscapeLeft UIInterfaceOrientationLandscapeRight";
				LD_RUNPATH_SEARCH_PATHS = (
					"$(inherited)",
					"@executable_path/Frameworks",
				);
				MARKETING_VERSION = 1.0;
				PRODUCT_BUNDLE_IDENTIFIER = "com.rr-aware.TCADataSharing";
				PRODUCT_NAME = "$(TARGET_NAME)";
				PROVISIONING_PROFILE_SPECIFIER = "";
				SWIFT_EMIT_LOC_STRINGS = YES;
				SWIFT_VERSION = 5.0;
				TARGETED_DEVICE_FAMILY = "1,2";
			};
			name = Release;
		};
/* End XCBuildConfiguration section */

/* Begin XCConfigurationList section */
		DF2E0F9F2E3CC18F00407AE1 /* Build configuration list for PBXProject "TCADataSharing" */ = {
			isa = XCConfigurationList;
			buildConfigurations = (
				DF2E0FAD2E3CC19200407AE1 /* Debug */,
				DF2E0FAE2E3CC19200407AE1 /* Release */,
			);
			defaultConfigurationIsVisible = 0;
			defaultConfigurationName = Release;
		};
		DF2E0FAF2E3CC19200407AE1 /* Build configuration list for PBXNativeTarget "TCADataSharing" */ = {
			isa = XCConfigurationList;
			buildConfigurations = (
				DF2E0FB02E3CC19200407AE1 /* Debug */,
				DF2E0FB12E3CC19200407AE1 /* Release */,
			);
			defaultConfigurationIsVisible = 0;
			defaultConfigurationName = Release;
		};
/* End XCConfigurationList section */

/* Begin XCRemoteSwiftPackageReference section */
		DF2E0FC62E3CC22800407AE1 /* XCRemoteSwiftPackageReference "swift-sharing" */ = {
			isa = XCRemoteSwiftPackageReference;
			repositoryURL = "https://github.com/pointfreeco/swift-sharing.git";
			requirement = {
				kind = upToNextMajorVersion;
				minimumVersion = 2.6.0;
			};
		};
		DF2E0FC92E3CC28C00407AE1 /* XCRemoteSwiftPackageReference "swift-composable-architecture" */ = {
			isa = XCRemoteSwiftPackageReference;
			repositoryURL = "https://github.com/pointfreeco/swift-composable-architecture";
			requirement = {
				kind = upToNextMajorVersion;
				minimumVersion = 1.21.0;
			};
		};
		DF2E0FCD2E3CD0BB00407AE1 /* XCRemoteSwiftPackageReference "sharing-grdb" */ = {
			isa = XCRemoteSwiftPackageReference;
			repositoryURL = "https://github.com/pointfreeco/sharing-grdb.git";
			requirement = {
				kind = upToNextMajorVersion;
				minimumVersion = 0.5.0;
			};
		};
/* End XCRemoteSwiftPackageReference section */

/* Begin XCSwiftPackageProductDependency section */
		DF2E0FC72E3CC22800407AE1 /* Sharing */ = {
			isa = XCSwiftPackageProductDependency;
			package = DF2E0FC62E3CC22800407AE1 /* XCRemoteSwiftPackageReference "swift-sharing" */;
			productName = Sharing;
		};
		DF2E0FCA2E3CC28C00407AE1 /* ComposableArchitecture */ = {
			isa = XCSwiftPackageProductDependency;
			package = DF2E0FC92E3CC28C00407AE1 /* XCRemoteSwiftPackageReference "swift-composable-architecture" */;
			productName = ComposableArchitecture;
		};
		DF2E0FCE2E3CD0BB00407AE1 /* SharingGRDB */ = {
			isa = XCSwiftPackageProductDependency;
			package = DF2E0FCD2E3CD0BB00407AE1 /* XCRemoteSwiftPackageReference "sharing-grdb" */;
			productName = SharingGRDB;
		};
		DF2E10442E3CD7F900407AE1 /* SharingGRDBCore */ = {
			isa = XCSwiftPackageProductDependency;
			package = DF2E0FCD2E3CD0BB00407AE1 /* XCRemoteSwiftPackageReference "sharing-grdb" */;
			productName = SharingGRDBCore;
		};
		DF2E10462E3CD7F900407AE1 /* StructuredQueriesGRDB */ = {
			isa = XCSwiftPackageProductDependency;
			package = DF2E0FCD2E3CD0BB00407AE1 /* XCRemoteSwiftPackageReference "sharing-grdb" */;
			productName = StructuredQueriesGRDB;
		};
		DF2E10482E3CD7F900407AE1 /* StructuredQueriesGRDBCore */ = {
			isa = XCSwiftPackageProductDependency;
			package = DF2E0FCD2E3CD0BB00407AE1 /* XCRemoteSwiftPackageReference "sharing-grdb" */;
			productName = StructuredQueriesGRDBCore;
		};
/* End XCSwiftPackageProductDependency section */
	};
	rootObject = DF2E0F9C2E3CC18F00407AE1 /* Project object */;
}
